
Microsoft Visual Studio Solution File, Format Version 12.00
# Visual Studio 14
VisualStudioVersion = 14.0.25420.1
MinimumVisualStudioVersion = 10.0.40219.1
Project("{2150E333-8FDC-42A3-9474-1A3956D46DE8}") = "Closures", "Closures", "{65A86339-3FE2-459E-B33C-55C4DC335E0E}"
EndProject
Project("{2150E333-8FDC-42A3-9474-1A3956D46DE8}") = "Delegates", "Delegates", "{D4C082C8-1FF8-4EF2-A1CF-082E6D0C0AF8}"
EndProject
Project("{2150E333-8FDC-42A3-9474-1A3956D46DE8}") = "Interface Reimplementation", "Interface Reimplementation", "{9A744218-A16E-4327-8DD6-F56E74A615CE}"
EndProject
Project("{FAE04EC0-301F-11D3-BF4B-00C04F79EFBC}") = "Demo2a", "Closures\Demo2a\Demo2a.csproj", "{9224D21B-D3AF-4038-8766-F51892C50A88}"
EndProject
Project("{FAE04EC0-301F-11D3-BF4B-00C04F79EFBC}") = "Demo2b", "Closures\Demo2b\Demo2b.csproj", "{44949654-65AD-461C-A878-9C3AF7BD8699}"
EndProject
Project("{FAE04EC0-301F-11D3-BF4B-00C04F79EFBC}") = "Demo2c", "Closures\Demo2c\Demo2c.csproj", "{732F0027-3705-4FC1-AB98-D8ABA17C4BB7}"
EndProject
Project("{FAE04EC0-301F-11D3-BF4B-00C04F79EFBC}") = "Demo2d", "Closures\Demo2d\Demo2d.csproj", "{EAA6377A-E8AF-496A-BC8B-682D1266AECF}"
EndProject
Project("{FAE04EC0-301F-11D3-BF4B-00C04F79EFBC}") = "Utils", "Closures\Utils\Utils.csproj", "{2DCBD3BF-8C78-4B27-82DA-19377082E166}"
EndProject
Project("{FAE04EC0-301F-11D3-BF4B-00C04F79EFBC}") = "DelegatesDemo", "Delegates\DelegatesDemo\DelegatesDemo.csproj", "{93E69815-A66A-435D-8C79-BC897E1FA7B9}"
EndProject
Project("{FAE04EC0-301F-11D3-BF4B-00C04F79EFBC}") = "InterfaceReimplmentation", "Interface Reimplmentation\InterfaceReimplmentation\InterfaceReimplmentation.csproj", "{318D1D82-6B05-458E-9634-DEFACA327704}"
EndProject
Global
	GlobalSection(SolutionConfigurationPlatforms) = preSolution
		Debug|Any CPU = Debug|Any CPU
		Debug|x86 = Debug|x86
		Release|Any CPU = Release|Any CPU
		Release|x86 = Release|x86
	EndGlobalSection
	GlobalSection(ProjectConfigurationPlatforms) = postSolution
		{9224D21B-D3AF-4038-8766-F51892C50A88}.Debug|Any CPU.ActiveCfg = Debug|x86
		{9224D21B-D3AF-4038-8766-F51892C50A88}.Debug|x86.ActiveCfg = Debug|x86
		{9224D21B-D3AF-4038-8766-F51892C50A88}.Debug|x86.Build.0 = Debug|x86
		{9224D21B-D3AF-4038-8766-F51892C50A88}.Release|Any CPU.ActiveCfg = Release|x86
		{9224D21B-D3AF-4038-8766-F51892C50A88}.Release|x86.ActiveCfg = Release|x86
		{9224D21B-D3AF-4038-8766-F51892C50A88}.Release|x86.Build.0 = Release|x86
		{44949654-65AD-461C-A878-9C3AF7BD8699}.Debug|Any CPU.ActiveCfg = Debug|x86
		{44949654-65AD-461C-A878-9C3AF7BD8699}.Debug|x86.ActiveCfg = Debug|x86
		{44949654-65AD-461C-A878-9C3AF7BD8699}.Debug|x86.Build.0 = Debug|x86
		{44949654-65AD-461C-A878-9C3AF7BD8699}.Release|Any CPU.ActiveCfg = Release|x86
		{44949654-65AD-461C-A878-9C3AF7BD8699}.Release|x86.ActiveCfg = Release|x86
		{44949654-65AD-461C-A878-9C3AF7BD8699}.Release|x86.Build.0 = Release|x86
		{732F0027-3705-4FC1-AB98-D8ABA17C4BB7}.Debug|Any CPU.ActiveCfg = Debug|x86
		{732F0027-3705-4FC1-AB98-D8ABA17C4BB7}.Debug|x86.ActiveCfg = Debug|x86
		{732F0027-3705-4FC1-AB98-D8ABA17C4BB7}.Debug|x86.Build.0 = Debug|x86
		{732F0027-3705-4FC1-AB98-D8ABA17C4BB7}.Release|Any CPU.ActiveCfg = Release|x86
		{732F0027-3705-4FC1-AB98-D8ABA17C4BB7}.Release|x86.ActiveCfg = Release|x86
		{732F0027-3705-4FC1-AB98-D8ABA17C4BB7}.Release|x86.Build.0 = Release|x86
		{EAA6377A-E8AF-496A-BC8B-682D1266AECF}.Debug|Any CPU.ActiveCfg = Debug|x86
		{EAA6377A-E8AF-496A-BC8B-682D1266AECF}.Debug|x86.ActiveCfg = Debug|x86
		{EAA6377A-E8AF-496A-BC8B-682D1266AECF}.Debug|x86.Build.0 = Debug|x86
		{EAA6377A-E8AF-496A-BC8B-682D1266AECF}.Release|Any CPU.ActiveCfg = Release|x86
		{EAA6377A-E8AF-496A-BC8B-682D1266AECF}.Release|x86.ActiveCfg = Release|x86
		{EAA6377A-E8AF-496A-BC8B-682D1266AECF}.Release|x86.Build.0 = Release|x86
		{2DCBD3BF-8C78-4B27-82DA-19377082E166}.Debug|Any CPU.ActiveCfg = Debug|Any CPU
		{2DCBD3BF-8C78-4B27-82DA-19377082E166}.Debug|Any CPU.Build.0 = Debug|Any CPU
		{2DCBD3BF-8C78-4B27-82DA-19377082E166}.Debug|x86.ActiveCfg = Debug|Any CPU
		{2DCBD3BF-8C78-4B27-82DA-19377082E166}.Debug|x86.Build.0 = Debug|Any CPU
		{2DCBD3BF-8C78-4B27-82DA-19377082E166}.Release|Any CPU.ActiveCfg = Release|Any CPU
		{2DCBD3BF-8C78-4B27-82DA-19377082E166}.Release|Any CPU.Build.0 = Release|Any CPU
		{2DCBD3BF-8C78-4B27-82DA-19377082E166}.Release|x86.ActiveCfg = Release|Any CPU
		{2DCBD3BF-8C78-4B27-82DA-19377082E166}.Release|x86.Build.0 = Release|Any CPU
		{93E69815-A66A-435D-8C79-BC897E1FA7B9}.Debug|Any CPU.ActiveCfg = Debug|x86
		{93E69815-A66A-435D-8C79-BC897E1FA7B9}.Debug|x86.ActiveCfg = Debug|x86
		{93E69815-A66A-435D-8C79-BC897E1FA7B9}.Debug|x86.Build.0 = Debug|x86
		{93E69815-A66A-435D-8C79-BC897E1FA7B9}.Release|Any CPU.ActiveCfg = Release|x86
		{93E69815-A66A-435D-8C79-BC897E1FA7B9}.Release|x86.ActiveCfg = Release|x86
		{93E69815-A66A-435D-8C79-BC897E1FA7B9}.Release|x86.Build.0 = Release|x86
		{318D1D82-6B05-458E-9634-DEFACA327704}.Debug|Any CPU.ActiveCfg = Debug|x86
		{318D1D82-6B05-458E-9634-DEFACA327704}.Debug|x86.ActiveCfg = Debug|x86
		{318D1D82-6B05-458E-9634-DEFACA327704}.Debug|x86.Build.0 = Debug|x86
		{318D1D82-6B05-458E-9634-DEFACA327704}.Release|Any CPU.ActiveCfg = Release|x86
		{318D1D82-6B05-458E-9634-DEFACA327704}.Release|x86.ActiveCfg = Release|x86
		{318D1D82-6B05-458E-9634-DEFACA327704}.Release|x86.Build.0 = Release|x86
	EndGlobalSection
	GlobalSection(SolutionProperties) = preSolution
		HideSolutionNode = FALSE
	EndGlobalSection
	GlobalSection(NestedProjects) = preSolution
		{9224D21B-D3AF-4038-8766-F51892C50A88} = {65A86339-3FE2-459E-B33C-55C4DC335E0E}
		{44949654-65AD-461C-A878-9C3AF7BD8699} = {65A86339-3FE2-459E-B33C-55C4DC335E0E}
		{732F0027-3705-4FC1-AB98-D8ABA17C4BB7} = {65A86339-3FE2-459E-B33C-55C4DC335E0E}
		{EAA6377A-E8AF-496A-BC8B-682D1266AECF} = {65A86339-3FE2-459E-B33C-55C4DC335E0E}
		{2DCBD3BF-8C78-4B27-82DA-19377082E166} = {65A86339-3FE2-459E-B33C-55C4DC335E0E}
		{93E69815-A66A-435D-8C79-BC897E1FA7B9} = {D4C082C8-1FF8-4EF2-A1CF-082E6D0C0AF8}
		{318D1D82-6B05-458E-9634-DEFACA327704} = {9A744218-A16E-4327-8DD6-F56E74A615CE}
	EndGlobalSection
EndGlobal
